
Microsoft Visual Studio Solution File, Format Version 12.00
# Visual Studio Version 16
VisualStudioVersion = 16.0.31129.286
MinimumVisualStudioVersion = 10.0.40219.1
Project("{FAE04EC0-301F-11D3-BF4B-00C04F79EFBC}") = "eCompare", "eCompare\eCompare.csproj", "{E751C3FB-B9A7-4A60-BF0A-8041855D797D}"
EndProject
Global
	GlobalSection(SolutionConfigurationPlatforms) = preSolution
		Debug|Any CPU = Debug|Any CPU
		Release|Any CPU = Release|Any CPU
	EndGlobalSection
	GlobalSection(ProjectConfigurationPlatforms) = postSolution
		{E751C3FB-B9A7-4A60-BF0A-8041855D797D}.Debug|Any CPU.ActiveCfg = Debug|Any CPU
		{E751C3FB-B9A7-4A60-BF0A-8041855D797D}.Debug|Any CPU.Build.0 = Debug|Any CPU
		{E751C3FB-B9A7-4A60-BF0A-8041855D797D}.Release|Any CPU.ActiveCfg = Release|Any CPU
		{E751C3FB-B9A7-4A60-BF0A-8041855D797D}.Release|Any CPU.Build.0 = Release|Any CPU
	EndGlobalSection
	GlobalSection(SolutionProperties) = preSolution
		HideSolutionNode = FALSE
	EndGlobalSection
	GlobalSection(ExtensibilityGlobals) = postSolution
		SolutionGuid = {A3364937-D1AC-4E6D-AA8D-E307FDEA94A1}
	EndGlobalSection
EndGlobal
